// !$*UTF8*$!
{
	archiveVersion = 1;
	classes = {
	};
	objectVersion = 77;
	objects = {

/* Begin PBXBuildFile section */
		EAFE83192EAE4EC900CE2B4D /* OpenAPIRuntime in Frameworks */ = {isa = PBXBuildFile; productRef = EAFE83182EAE4EC900CE2B4D /* OpenAPIRuntime */; };
		EAFE831C2EAE4EF200CE2B4D /* OpenAPIURLSession in Frameworks */ = {isa = PBXBuildFile; productRef = EAFE831B2EAE4EF200CE2B4D /* OpenAPIURLSession */; };
/* End PBXBuildFile section */

/* Begin PBXFileReference section */
		EAEBA3942EAE4CE500AB82C7 /* TrainsApp.app */ = {isa = PBXFileReference; explicitFileType = wrapper.application; includeInIndex = 0; path = TrainsApp.app; sourceTree = BUILT_PRODUCTS_DIR; };
/* End PBXFileReference section */

/* Begin PBXFileSystemSynchronizedRootGroup section */
		EAEBA3962EAE4CE500AB82C7 /* TrainsApp */ = {
			isa = PBXFileSystemSynchronizedRootGroup;
			path = TrainsApp;
			sourceTree = "<group>";
		};
/* End PBXFileSystemSynchronizedRootGroup section */

/* Begin PBXFrameworksBuildPhase section */
		EAEBA3912EAE4CE500AB82C7 /* Frameworks */ = {
			isa = PBXFrameworksBuildPhase;
			buildActionMask = 2147483647;
			files = (
				EAFE831C2EAE4EF200CE2B4D /* OpenAPIURLSession in Frameworks */,
				EAFE83192EAE4EC900CE2B4D /* OpenAPIRuntime in Frameworks */,
			);
			runOnlyForDeploymentPostprocessing = 0;
		};
/* End PBXFrameworksBuildPhase section */

/* Begin PBXGroup section */
		EAEBA38B2EAE4CE500AB82C7 = {
			isa = PBXGroup;
			children = (
				EAEBA3962EAE4CE500AB82C7 /* TrainsApp */,
				EAEBA3952EAE4CE500AB82C7 /* Products */,
			);
			sourceTree = "<group>";
		};
		EAEBA3952EAE4CE500AB82C7 /* Products */ = {
			isa = PBXGroup;
			children = (
				EAEBA3942EAE4CE500AB82C7 /* TrainsApp.app */,
			);
			name = Products;
			sourceTree = "<group>";
		};
/* End PBXGroup section */

/* Begin PBXNativeTarget section */
		EAEBA3932EAE4CE500AB82C7 /* TrainsApp */ = {
			isa = PBXNativeTarget;
			buildConfigurationList = EAEBA39F2EAE4CE600AB82C7 /* Build configuration list for PBXNativeTarget "TrainsApp" */;
			buildPhases = (
				EAEBA3902EAE4CE500AB82C7 /* Sources */,
				EAEBA3912EAE4CE500AB82C7 /* Frameworks */,
				EAEBA3922EAE4CE500AB82C7 /* Resources */,
			);
			buildRules = (
			);
			dependencies = (
				EA3049DD2EAE52EF00E6EAB0 /* PBXTargetDependency */,
			);
			fileSystemSynchronizedGroups = (
				EAEBA3962EAE4CE500AB82C7 /* TrainsApp */,
			);
			name = TrainsApp;
			packageProductDependencies = (
				EAFE83182EAE4EC900CE2B4D /* OpenAPIRuntime */,
				EAFE831B2EAE4EF200CE2B4D /* OpenAPIURLSession */,
			);
			productName = TrainsApp;
			productReference = EAEBA3942EAE4CE500AB82C7 /* TrainsApp.app */;
			productType = "com.apple.product-type.application";
		};
/* End PBXNativeTarget section */

/* Begin PBXProject section */
		EAEBA38C2EAE4CE500AB82C7 /* Project object */ = {
			isa = PBXProject;
			attributes = {
				BuildIndependentTargetsInParallel = 1;
				LastSwiftUpdateCheck = 2600;
				LastUpgradeCheck = 2600;
				TargetAttributes = {
					EAEBA3932EAE4CE500AB82C7 = {
						CreatedOnToolsVersion = 26.0.1;
					};
				};
			};
			buildConfigurationList = EAEBA38F2EAE4CE500AB82C7 /* Build configuration list for PBXProject "TrainsApp" */;
			developmentRegion = en;
			hasScannedForEncodings = 0;
			knownRegions = (
				en,
				Base,
			);
			mainGroup = EAEBA38B2EAE4CE500AB82C7;
			minimizedProjectReferenceProxies = 1;
			packageReferences = (
				EAFE83122EAE4E5300CE2B4D /* XCRemoteSwiftPackageReference "swift-openapi-generator" */,
				EAFE83172EAE4EC900CE2B4D /* XCRemoteSwiftPackageReference "swift-openapi-runtime" */,
				EAFE831A2EAE4EF200CE2B4D /* XCRemoteSwiftPackageReference "swift-openapi-urlsession" */,
			);
			preferredProjectObjectVersion = 77;
			productRefGroup = EAEBA3952EAE4CE500AB82C7 /* Products */;
			projectDirPath = "";
			projectRoot = "";
			targets = (
				EAEBA3932EAE4CE500AB82C7 /* TrainsApp */,
			);
		};
/* End PBXProject section */

/* Begin PBXResourcesBuildPhase section */
		EAEBA3922EAE4CE500AB82C7 /* Resources */ = {
			isa = PBXResourcesBuildPhase;
			buildActionMask = 2147483647;
			files = (
			);
			runOnlyForDeploymentPostprocessing = 0;
		};
/* End PBXResourcesBuildPhase section */

/* Begin PBXSourcesBuildPhase section */
		EAEBA3902EAE4CE500AB82C7 /* Sources */ = {
			isa = PBXSourcesBuildPhase;
			buildActionMask = 2147483647;
			files = (
			);
			runOnlyForDeploymentPostprocessing = 0;
		};
/* End PBXSourcesBuildPhase section */

/* Begin PBXTargetDependency section */
		EA3049DD2EAE52EF00E6EAB0 /* PBXTargetDependency */ = {
			isa = PBXTargetDependency;
			productRef = EA3049DC2EAE52EF00E6EAB0 /* OpenAPIGenerator */;
		};
/* End PBXTargetDependency section */

/* Begin XCBuildConfiguration section */
		EAEBA39D2EAE4CE600AB82C7 /* Debug */ = {
			isa = XCBuildConfiguration;
			buildSettings = {
				ALWAYS_SEARCH_USER_PATHS = NO;
				ASSETCATALOG_COMPILER_GENERATE_SWIFT_ASSET_SYMBOL_EXTENSIONS = YES;
				CLANG_ANALYZER_NONNULL = YES;
				CLANG_ANALYZER_NUMBER_OBJECT_CONVERSION = YES_AGGRESSIVE;
				CLANG_CXX_LANGUAGE_STANDARD = "gnu++20";
				CLANG_ENABLE_MODULES = YES;
				CLANG_ENABLE_OBJC_ARC = YES;
				CLANG_ENABLE_OBJC_WEAK = YES;
				CLANG_WARN_BLOCK_CAPTURE_AUTORELEASING = YES;
				CLANG_WARN_BOOL_CONVERSION = YES;
				CLANG_WARN_COMMA = YES;
				CLANG_WARN_CONSTANT_CONVERSION = YES;
				CLANG_WARN_DEPRECATED_OBJC_IMPLEMENTATIONS = YES;
				CLANG_WARN_DIRECT_OBJC_ISA_USAGE = YES_ERROR;
				CLANG_WARN_DOCUMENTATION_COMMENTS = YES;
				CLANG_WARN_EMPTY_BODY = YES;
				CLANG_WARN_ENUM_CONVERSION = YES;
				CLANG_WARN_INFINITE_RECURSION = YES;
				CLANG_WARN_INT_CONVERSION = YES;
				CLANG_WARN_NON_LITERAL_NULL_CONVERSION = YES;
				CLANG_WARN_OBJC_IMPLICIT_RETAIN_SELF = YES;
				CLANG_WARN_OBJC_LITERAL_CONVERSION = YES;
				CLANG_WARN_OBJC_ROOT_CLASS = YES_ERROR;
				CLANG_WARN_QUOTED_INCLUDE_IN_FRAMEWORK_HEADER = YES;
				CLANG_WARN_RANGE_LOOP_ANALYSIS = YES;
				CLANG_WARN_STRICT_PROTOTYPES = YES;
				CLANG_WARN_SUSPICIOUS_MOVE = YES;
				CLANG_WARN_UNGUARDED_AVAILABILITY = YES_AGGRESSIVE;
				CLANG_WARN_UNREACHABLE_CODE = YES;
				CLANG_WARN__DUPLICATE_METHOD_MATCH = YES;
				COPY_PHASE_STRIP = NO;
				DEBUG_INFORMATION_FORMAT = dwarf;
				DEVELOPMENT_TEAM = 742X575X2L;
				ENABLE_STRICT_OBJC_MSGSEND = YES;
				ENABLE_TESTABILITY = YES;
				ENABLE_USER_SCRIPT_SANDBOXING = YES;
				GCC_C_LANGUAGE_STANDARD = gnu17;
				GCC_DYNAMIC_NO_PIC = NO;
				GCC_NO_COMMON_BLOCKS = YES;
				GCC_OPTIMIZATION_LEVEL = 0;
				GCC_PREPROCESSOR_DEFINITIONS = (
					"DEBUG=1",
					"$(inherited)",
				);
				GCC_WARN_64_TO_32_BIT_CONVERSION = YES;
				GCC_WARN_ABOUT_RETURN_TYPE = YES_ERROR;
				GCC_WARN_UNDECLARED_SELECTOR = YES;
				GCC_WARN_UNINITIALIZED_AUTOS = YES_AGGRESSIVE;
				GCC_WARN_UNUSED_FUNCTION = YES;
				GCC_WARN_UNUSED_VARIABLE = YES;
				IPHONEOS_DEPLOYMENT_TARGET = 26.0;
				LOCALIZATION_PREFERS_STRING_CATALOGS = YES;
				MTL_ENABLE_DEBUG_INFO = INCLUDE_SOURCE;
				MTL_FAST_MATH = YES;
				ONLY_ACTIVE_ARCH = YES;
				SDKROOT = iphoneos;
				SWIFT_ACTIVE_COMPILATION_CONDITIONS = "DEBUG $(inherited)";
				SWIFT_OPTIMIZATION_LEVEL = "-Onone";
			};
			name = Debug;
		};
		EAEBA39E2EAE4CE600AB82C7 /* Release */ = {
			isa = XCBuildConfiguration;
			buildSettings = {
				ALWAYS_SEARCH_USER_PATHS = NO;
				ASSETCATALOG_COMPILER_GENERATE_SWIFT_ASSET_SYMBOL_EXTENSIONS = YES;
				CLANG_ANALYZER_NONNULL = YES;
				CLANG_ANALYZER_NUMBER_OBJECT_CONVERSION = YES_AGGRESSIVE;
				CLANG_CXX_LANGUAGE_STANDARD = "gnu++20";
				CLANG_ENABLE_MODULES = YES;
				CLANG_ENABLE_OBJC_ARC = YES;
				CLANG_ENABLE_OBJC_WEAK = YES;
				CLANG_WARN_BLOCK_CAPTURE_AUTORELEASING = YES;
				CLANG_WARN_BOOL_CONVERSION = YES;
				CLANG_WARN_COMMA = YES;
				CLANG_WARN_CONSTANT_CONVERSION = YES;
				CLANG_WARN_DEPRECATED_OBJC_IMPLEMENTATIONS = YES;
				CLANG_WARN_DIRECT_OBJC_ISA_USAGE = YES_ERROR;
				CLANG_WARN_DOCUMENTATION_COMMENTS = YES;
				CLANG_WARN_EMPTY_BODY = YES;
				CLANG_WARN_ENUM_CONVERSION = YES;
				CLANG_WARN_INFINITE_RECURSION = YES;
				CLANG_WARN_INT_CONVERSION = YES;
				CLANG_WARN_NON_LITERAL_NULL_CONVERSION = YES;
				CLANG_WARN_OBJC_IMPLICIT_RETAIN_SELF = YES;
				CLANG_WARN_OBJC_LITERAL_CONVERSION = YES;
				CLANG_WARN_OBJC_ROOT_CLASS = YES_ERROR;
				CLANG_WARN_QUOTED_INCLUDE_IN_FRAMEWORK_HEADER = YES;
				CLANG_WARN_RANGE_LOOP_ANALYSIS = YES;
				CLANG_WARN_STRICT_PROTOTYPES = YES;
				CLANG_WARN_SUSPICIOUS_MOVE = YES;
				CLANG_WARN_UNGUARDED_AVAILABILITY = YES_AGGRESSIVE;
				CLANG_WARN_UNREACHABLE_CODE = YES;
				CLANG_WARN__DUPLICATE_METHOD_MATCH = YES;
				COPY_PHASE_STRIP = NO;
				DEBUG_INFORMATION_FORMAT = "dwarf-with-dsym";
				DEVELOPMENT_TEAM = 742X575X2L;
				ENABLE_NS_ASSERTIONS = NO;
				ENABLE_STRICT_OBJC_MSGSEND = YES;
				ENABLE_USER_SCRIPT_SANDBOXING = YES;
				GCC_C_LANGUAGE_STANDARD = gnu17;
				GCC_NO_COMMON_BLOCKS = YES;
				GCC_WARN_64_TO_32_BIT_CONVERSION = YES;
				GCC_WARN_ABOUT_RETURN_TYPE = YES_ERROR;
				GCC_WARN_UNDECLARED_SELECTOR = YES;
				GCC_WARN_UNINITIALIZED_AUTOS = YES_AGGRESSIVE;
				GCC_WARN_UNUSED_FUNCTION = YES;
				GCC_WARN_UNUSED_VARIABLE = YES;
				IPHONEOS_DEPLOYMENT_TARGET = 26.0;
				LOCALIZATION_PREFERS_STRING_CATALOGS = YES;
				MTL_ENABLE_DEBUG_INFO = NO;
				MTL_FAST_MATH = YES;
				SDKROOT = iphoneos;
				SWIFT_COMPILATION_MODE = wholemodule;
				VALIDATE_PRODUCT = YES;
			};
			name = Release;
		};
		EAEBA3A02EAE4CE600AB82C7 /* Debug */ = {
			isa = XCBuildConfiguration;
			buildSettings = {
				ASSETCATALOG_COMPILER_APPICON_NAME = AppIcon;
				ASSETCATALOG_COMPILER_GLOBAL_ACCENT_COLOR_NAME = AccentColor;
				CODE_SIGN_STYLE = Automatic;
				CURRENT_PROJECT_VERSION = 1;
				DEVELOPMENT_TEAM = 742X575X2L;
				ENABLE_PREVIEWS = YES;
				GENERATE_INFOPLIST_FILE = YES;
				INFOPLIST_KEY_UIApplicationSceneManifest_Generation = YES;
				INFOPLIST_KEY_UIApplicationSupportsIndirectInputEvents = YES;
				INFOPLIST_KEY_UILaunchScreen_Generation = YES;
				INFOPLIST_KEY_UISupportedInterfaceOrientations = UIInterfaceOrientationPortrait;
				IPHONEOS_DEPLOYMENT_TARGET = 17.0;
				LD_RUNPATH_SEARCH_PATHS = (
					"$(inherited)",
					"@executable_path/Frameworks",
				);
				MARKETING_VERSION = 1.0;
				PRODUCT_BUNDLE_IDENTIFIER = ru.svchuiko.TrainsApp;
				PRODUCT_NAME = "$(TARGET_NAME)";
				STRING_CATALOG_GENERATE_SYMBOLS = YES;
				SWIFT_APPROACHABLE_CONCURRENCY = YES;
				SWIFT_DEFAULT_ACTOR_ISOLATION = MainActor;
				SWIFT_EMIT_LOC_STRINGS = YES;
				SWIFT_UPCOMING_FEATURE_MEMBER_IMPORT_VISIBILITY = YES;
				SWIFT_VERSION = 5.0;
				TARGETED_DEVICE_FAMILY = 1;
			};
			name = Debug;
		};
		EAEBA3A12EAE4CE600AB82C7 /* Release */ = {
			isa = XCBuildConfiguration;
			buildSettings = {
				ASSETCATALOG_COMPILER_APPICON_NAME = AppIcon;
				ASSETCATALOG_COMPILER_GLOBAL_ACCENT_COLOR_NAME = AccentColor;
				CODE_SIGN_STYLE = Automatic;
				CURRENT_PROJECT_VERSION = 1;
				DEVELOPMENT_TEAM = 742X575X2L;
				ENABLE_PREVIEWS = YES;
				GENERATE_INFOPLIST_FILE = YES;
				INFOPLIST_KEY_UIApplicationSceneManifest_Generation = YES;
				INFOPLIST_KEY_UIApplicationSupportsIndirectInputEvents = YES;
				INFOPLIST_KEY_UILaunchScreen_Generation = YES;
				INFOPLIST_KEY_UISupportedInterfaceOrientations = UIInterfaceOrientationPortrait;
				IPHONEOS_DEPLOYMENT_TARGET = 17.0;
				LD_RUNPATH_SEARCH_PATHS = (
					"$(inherited)",
					"@executable_path/Frameworks",
				);
				MARKETING_VERSION = 1.0;
				PRODUCT_BUNDLE_IDENTIFIER = ru.svchuiko.TrainsApp;
				PRODUCT_NAME = "$(TARGET_NAME)";
				STRING_CATALOG_GENERATE_SYMBOLS = YES;
				SWIFT_APPROACHABLE_CONCURRENCY = YES;
				SWIFT_DEFAULT_ACTOR_ISOLATION = MainActor;
				SWIFT_EMIT_LOC_STRINGS = YES;
				SWIFT_UPCOMING_FEATURE_MEMBER_IMPORT_VISIBILITY = YES;
				SWIFT_VERSION = 5.0;
				TARGETED_DEVICE_FAMILY = 1;
			};
			name = Release;
		};
/* End XCBuildConfiguration section */

/* Begin XCConfigurationList section */
		EAEBA38F2EAE4CE500AB82C7 /* Build configuration list for PBXProject "TrainsApp" */ = {
			isa = XCConfigurationList;
			buildConfigurations = (
				EAEBA39D2EAE4CE600AB82C7 /* Debug */,
				EAEBA39E2EAE4CE600AB82C7 /* Release */,
			);
			defaultConfigurationIsVisible = 0;
			defaultConfigurationName = Release;
		};
		EAEBA39F2EAE4CE600AB82C7 /* Build configuration list for PBXNativeTarget "TrainsApp" */ = {
			isa = XCConfigurationList;
			buildConfigurations = (
				EAEBA3A02EAE4CE600AB82C7 /* Debug */,
				EAEBA3A12EAE4CE600AB82C7 /* Release */,
			);
			defaultConfigurationIsVisible = 0;
			defaultConfigurationName = Release;
		};
/* End XCConfigurationList section */

/* Begin XCRemoteSwiftPackageReference section */
		EAFE83122EAE4E5300CE2B4D /* XCRemoteSwiftPackageReference "swift-openapi-generator" */ = {
			isa = XCRemoteSwiftPackageReference;
			repositoryURL = "https://github.com/apple/swift-openapi-generator";
			requirement = {
				kind = upToNextMajorVersion;
				minimumVersion = 1.10.3;
			};
		};
		EAFE83172EAE4EC900CE2B4D /* XCRemoteSwiftPackageReference "swift-openapi-runtime" */ = {
			isa = XCRemoteSwiftPackageReference;
			repositoryURL = "https://github.com/apple/swift-openapi-runtime";
			requirement = {
				kind = upToNextMajorVersion;
				minimumVersion = 1.8.3;
			};
		};
		EAFE831A2EAE4EF200CE2B4D /* XCRemoteSwiftPackageReference "swift-openapi-urlsession" */ = {
			isa = XCRemoteSwiftPackageReference;
			repositoryURL = "https://github.com/apple/swift-openapi-urlsession";
			requirement = {
				kind = upToNextMajorVersion;
				minimumVersion = 1.2.0;
			};
		};
/* End XCRemoteSwiftPackageReference section */

/* Begin XCSwiftPackageProductDependency section */
		EA3049DC2EAE52EF00E6EAB0 /* OpenAPIGenerator */ = {
			isa = XCSwiftPackageProductDependency;
			package = EAFE83122EAE4E5300CE2B4D /* XCRemoteSwiftPackageReference "swift-openapi-generator" */;
			productName = "plugin:OpenAPIGenerator";
		};
		EAFE83182EAE4EC900CE2B4D /* OpenAPIRuntime */ = {
			isa = XCSwiftPackageProductDependency;
			package = EAFE83172EAE4EC900CE2B4D /* XCRemoteSwiftPackageReference "swift-openapi-runtime" */;
			productName = OpenAPIRuntime;
		};
		EAFE831B2EAE4EF200CE2B4D /* OpenAPIURLSession */ = {
			isa = XCSwiftPackageProductDependency;
			package = EAFE831A2EAE4EF200CE2B4D /* XCRemoteSwiftPackageReference "swift-openapi-urlsession" */;
			productName = OpenAPIURLSession;
		};
/* End XCSwiftPackageProductDependency section */
	};
	rootObject = EAEBA38C2EAE4CE500AB82C7 /* Project object */;
}
